// !$*UTF8*$!
{
	archiveVersion = 1;
	classes = {
	};
	objectVersion = 50;
	objects = {

/* Begin PBXBuildFile section */
		BB44E3DC21B34F0900F94629 /* TemporaryFile.swift in Sources */ = {isa = PBXBuildFile; fileRef = BB44E3DB21B34F0900F94629 /* TemporaryFile.swift */; };
		BB5FF2EB21B2A8480026FEE8 /* AppDelegate.swift in Sources */ = {isa = PBXBuildFile; fileRef = BB5FF2EA21B2A8480026FEE8 /* AppDelegate.swift */; };
		BB5FF2ED21B2A8480026FEE8 /* ViewController.swift in Sources */ = {isa = PBXBuildFile; fileRef = BB5FF2EC21B2A8480026FEE8 /* ViewController.swift */; };
		BB5FF2F021B2A8480026FEE8 /* Main.storyboard in Resources */ = {isa = PBXBuildFile; fileRef = BB5FF2EE21B2A8480026FEE8 /* Main.storyboard */; };
		BB5FF2F221B2A84B0026FEE8 /* Assets.xcassets in Resources */ = {isa = PBXBuildFile; fileRef = BB5FF2F121B2A84B0026FEE8 /* Assets.xcassets */; };
		BB5FF2F521B2A84B0026FEE8 /* LaunchScreen.storyboard in Resources */ = {isa = PBXBuildFile; fileRef = BB5FF2F321B2A84B0026FEE8 /* LaunchScreen.storyboard */; };
		BB5FF30321B2A89D0026FEE8 /* ShareViewController.swift in Sources */ = {isa = PBXBuildFile; fileRef = BB5FF30221B2A89D0026FEE8 /* ShareViewController.swift */; };
		BB5FF30621B2A89E0026FEE8 /* MainInterface.storyboard in Resources */ = {isa = PBXBuildFile; fileRef = BB5FF30421B2A89E0026FEE8 /* MainInterface.storyboard */; };
		BB5FF30A21B2A89E0026FEE8 /* ShareExtension.appex in Embed App Extensions */ = {isa = PBXBuildFile; fileRef = BB5FF30021B2A89D0026FEE8 /* ShareExtension.appex */; settings = {ATTRIBUTES = (RemoveHeadersOnCopy, ); }; };
/* End PBXBuildFile section */

/* Begin PBXContainerItemProxy section */
		BB5FF30821B2A89E0026FEE8 /* PBXContainerItemProxy */ = {
			isa = PBXContainerItemProxy;
			containerPortal = BB5FF2DF21B2A8470026FEE8 /* Project object */;
			proxyType = 1;
			remoteGlobalIDString = BB5FF2FF21B2A89D0026FEE8;
			remoteInfo = ShareExtension;
		};
/* End PBXContainerItemProxy section */

/* Begin PBXCopyFilesBuildPhase section */
		BB5FF30E21B2A89E0026FEE8 /* Embed App Extensions */ = {
			isa = PBXCopyFilesBuildPhase;
			buildActionMask = 2147483647;
			dstPath = "";
			dstSubfolderSpec = 13;
			files = (
				BB5FF30A21B2A89E0026FEE8 /* ShareExtension.appex in Embed App Extensions */,
			);
			name = "Embed App Extensions";
			runOnlyForDeploymentPostprocessing = 0;
		};
/* End PBXCopyFilesBuildPhase section */

/* Begin PBXFileReference section */
		BB44E3DB21B34F0900F94629 /* TemporaryFile.swift */ = {isa = PBXFileReference; lastKnownFileType = sourcecode.swift; path = TemporaryFile.swift; sourceTree = "<group>"; };
		BB5FF2E721B2A8480026FEE8 /* RTFtoPDF.app */ = {isa = PBXFileReference; explicitFileType = wrapper.application; includeInIndex = 0; path = RTFtoPDF.app; sourceTree = BUILT_PRODUCTS_DIR; };
		BB5FF2EA21B2A8480026FEE8 /* AppDelegate.swift */ = {isa = PBXFileReference; lastKnownFileType = sourcecode.swift; path = AppDelegate.swift; sourceTree = "<group>"; };
		BB5FF2EC21B2A8480026FEE8 /* ViewController.swift */ = {isa = PBXFileReference; lastKnownFileType = sourcecode.swift; path = ViewController.swift; sourceTree = "<group>"; };
		BB5FF2EF21B2A8480026FEE8 /* Base */ = {isa = PBXFileReference; lastKnownFileType = file.storyboard; name = Base; path = Base.lproj/Main.storyboard; sourceTree = "<group>"; };
		BB5FF2F121B2A84B0026FEE8 /* Assets.xcassets */ = {isa = PBXFileReference; lastKnownFileType = folder.assetcatalog; path = Assets.xcassets; sourceTree = "<group>"; };
		BB5FF2F421B2A84B0026FEE8 /* Base */ = {isa = PBXFileReference; lastKnownFileType = file.storyboard; name = Base; path = Base.lproj/LaunchScreen.storyboard; sourceTree = "<group>"; };
		BB5FF2F621B2A84B0026FEE8 /* Info.plist */ = {isa = PBXFileReference; lastKnownFileType = text.plist.xml; path = Info.plist; sourceTree = "<group>"; };
		BB5FF30021B2A89D0026FEE8 /* ShareExtension.appex */ = {isa = PBXFileReference; explicitFileType = "wrapper.app-extension"; includeInIndex = 0; path = ShareExtension.appex; sourceTree = BUILT_PRODUCTS_DIR; };
		BB5FF30221B2A89D0026FEE8 /* ShareViewController.swift */ = {isa = PBXFileReference; lastKnownFileType = sourcecode.swift; path = ShareViewController.swift; sourceTree = "<group>"; };
		BB5FF30521B2A89E0026FEE8 /* Base */ = {isa = PBXFileReference; lastKnownFileType = file.storyboard; name = Base; path = Base.lproj/MainInterface.storyboard; sourceTree = "<group>"; };
		BB5FF30721B2A89E0026FEE8 /* Info.plist */ = {isa = PBXFileReference; lastKnownFileType = text.plist.xml; path = Info.plist; sourceTree = "<group>"; };
		BB84F2E121B2D10E0060BC18 /* ShareExtension.entitlements */ = {isa = PBXFileReference; lastKnownFileType = text.plist.entitlements; path = ShareExtension.entitlements; sourceTree = "<group>"; };
		BB84F2E221B2D1380060BC18 /* RTFtoPDF.entitlements */ = {isa = PBXFileReference; lastKnownFileType = text.plist.entitlements; path = RTFtoPDF.entitlements; sourceTree = "<group>"; };
/* End PBXFileReference section */

/* Begin PBXFrameworksBuildPhase section */
		BB5FF2E421B2A8470026FEE8 /* Frameworks */ = {
			isa = PBXFrameworksBuildPhase;
			buildActionMask = 2147483647;
			files = (
			);
			runOnlyForDeploymentPostprocessing = 0;
		};
		BB5FF2FD21B2A89D0026FEE8 /* Frameworks */ = {
			isa = PBXFrameworksBuildPhase;
			buildActionMask = 2147483647;
			files = (
			);
			runOnlyForDeploymentPostprocessing = 0;
		};
/* End PBXFrameworksBuildPhase section */

/* Begin PBXGroup section */
		BB5FF2DE21B2A8470026FEE8 = {
			isa = PBXGroup;
			children = (
				BB5FF2E921B2A8480026FEE8 /* RTFtoPDF */,
				BB5FF30121B2A89D0026FEE8 /* ShareExtension */,
				BB5FF2E821B2A8480026FEE8 /* Products */,
			);
			sourceTree = "<group>";
		};
		BB5FF2E821B2A8480026FEE8 /* Products */ = {
			isa = PBXGroup;
			children = (
				BB5FF2E721B2A8480026FEE8 /* RTFtoPDF.app */,
				BB5FF30021B2A89D0026FEE8 /* ShareExtension.appex */,
			);
			name = Products;
			sourceTree = "<group>";
		};
		BB5FF2E921B2A8480026FEE8 /* RTFtoPDF */ = {
			isa = PBXGroup;
			children = (
				BB84F2E221B2D1380060BC18 /* RTFtoPDF.entitlements */,
				BB5FF2EA21B2A8480026FEE8 /* AppDelegate.swift */,
				BB5FF2EC21B2A8480026FEE8 /* ViewController.swift */,
				BB5FF2EE21B2A8480026FEE8 /* Main.storyboard */,
				BB5FF2F121B2A84B0026FEE8 /* Assets.xcassets */,
				BB5FF2F321B2A84B0026FEE8 /* LaunchScreen.storyboard */,
				BB5FF2F621B2A84B0026FEE8 /* Info.plist */,
			);
			path = RTFtoPDF;
			sourceTree = "<group>";
		};
		BB5FF30121B2A89D0026FEE8 /* ShareExtension */ = {
			isa = PBXGroup;
			children = (
				BB84F2E121B2D10E0060BC18 /* ShareExtension.entitlements */,
				BB5FF30221B2A89D0026FEE8 /* ShareViewController.swift */,
				BB5FF30421B2A89E0026FEE8 /* MainInterface.storyboard */,
				BB5FF30721B2A89E0026FEE8 /* Info.plist */,
				BB44E3DB21B34F0900F94629 /* TemporaryFile.swift */,
			);
			path = ShareExtension;
			sourceTree = "<group>";
		};
/* End PBXGroup section */

/* Begin PBXNativeTarget section */
		BB5FF2E621B2A8470026FEE8 /* RTFtoPDF */ = {
			isa = PBXNativeTarget;
			buildConfigurationList = BB5FF2F921B2A84B0026FEE8 /* Build configuration list for PBXNativeTarget "RTFtoPDF" */;
			buildPhases = (
				BB5FF2E321B2A8470026FEE8 /* Sources */,
				BB5FF2E421B2A8470026FEE8 /* Frameworks */,
				BB5FF2E521B2A8470026FEE8 /* Resources */,
				BB5FF30E21B2A89E0026FEE8 /* Embed App Extensions */,
			);
			buildRules = (
			);
			dependencies = (
				BB5FF30921B2A89E0026FEE8 /* PBXTargetDependency */,
			);
			name = RTFtoPDF;
			productName = RTFtoPDF;
			productReference = BB5FF2E721B2A8480026FEE8 /* RTFtoPDF.app */;
			productType = "com.apple.product-type.application";
		};
		BB5FF2FF21B2A89D0026FEE8 /* ShareExtension */ = {
			isa = PBXNativeTarget;
			buildConfigurationList = BB5FF30B21B2A89E0026FEE8 /* Build configuration list for PBXNativeTarget "ShareExtension" */;
			buildPhases = (
				BB5FF2FC21B2A89D0026FEE8 /* Sources */,
				BB5FF2FD21B2A89D0026FEE8 /* Frameworks */,
				BB5FF2FE21B2A89D0026FEE8 /* Resources */,
			);
			buildRules = (
			);
			dependencies = (
			);
			name = ShareExtension;
			productName = ShareExtension;
			productReference = BB5FF30021B2A89D0026FEE8 /* ShareExtension.appex */;
			productType = "com.apple.product-type.app-extension";
		};
/* End PBXNativeTarget section */

/* Begin PBXProject section */
		BB5FF2DF21B2A8470026FEE8 /* Project object */ = {
			isa = PBXProject;
			attributes = {
				LastSwiftUpdateCheck = 1010;
				LastUpgradeCheck = 1010;
				ORGANIZATIONNAME = "Lukas Vavrek";
				TargetAttributes = {
					BB5FF2E621B2A8470026FEE8 = {
						CreatedOnToolsVersion = 10.1;
						SystemCapabilities = {
							com.apple.ApplicationGroups.iOS = {
								enabled = 1;
							};
						};
					};
					BB5FF2FF21B2A89D0026FEE8 = {
						CreatedOnToolsVersion = 10.1;
						SystemCapabilities = {
							com.apple.ApplicationGroups.iOS = {
								enabled = 1;
							};
						};
					};
				};
			};
			buildConfigurationList = BB5FF2E221B2A8470026FEE8 /* Build configuration list for PBXProject "RTFtoPDF" */;
			compatibilityVersion = "Xcode 9.3";
			developmentRegion = en;
			hasScannedForEncodings = 0;
			knownRegions = (
				en,
				Base,
			);
			mainGroup = BB5FF2DE21B2A8470026FEE8;
			productRefGroup = BB5FF2E821B2A8480026FEE8 /* Products */;
			projectDirPath = "";
			projectRoot = "";
			targets = (
				BB5FF2E621B2A8470026FEE8 /* RTFtoPDF */,
				BB5FF2FF21B2A89D0026FEE8 /* ShareExtension */,
			);
		};
/* End PBXProject section */

/* Begin PBXResourcesBuildPhase section */
		BB5FF2E521B2A8470026FEE8 /* Resources */ = {
			isa = PBXResourcesBuildPhase;
			buildActionMask = 2147483647;
			files = (
				BB5FF2F521B2A84B0026FEE8 /* LaunchScreen.storyboard in Resources */,
				BB5FF2F221B2A84B0026FEE8 /* Assets.xcassets in Resources */,
				BB5FF2F021B2A8480026FEE8 /* Main.storyboard in Resources */,
			);
			runOnlyForDeploymentPostprocessing = 0;
		};
		BB5FF2FE21B2A89D0026FEE8 /* Resources */ = {
			isa = PBXResourcesBuildPhase;
			buildActionMask = 2147483647;
			files = (
				BB5FF30621B2A89E0026FEE8 /* MainInterface.storyboard in Resources */,
			);
			runOnlyForDeploymentPostprocessing = 0;
		};
/* End PBXResourcesBuildPhase section */

/* Begin PBXSourcesBuildPhase section */
		BB5FF2E321B2A8470026FEE8 /* Sources */ = {
			isa = PBXSourcesBuildPhase;
			buildActionMask = 2147483647;
			files = (
				BB5FF2ED21B2A8480026FEE8 /* ViewController.swift in Sources */,
				BB5FF2EB21B2A8480026FEE8 /* AppDelegate.swift in Sources */,
			);
			runOnlyForDeploymentPostprocessing = 0;
		};
		BB5FF2FC21B2A89D0026FEE8 /* Sources */ = {
			isa = PBXSourcesBuildPhase;
			buildActionMask = 2147483647;
			files = (
				BB5FF30321B2A89D0026FEE8 /* ShareViewController.swift in Sources */,
				BB44E3DC21B34F0900F94629 /* TemporaryFile.swift in Sources */,
			);
			runOnlyForDeploymentPostprocessing = 0;
		};
/* End PBXSourcesBuildPhase section */

/* Begin PBXTargetDependency section */
		BB5FF30921B2A89E0026FEE8 /* PBXTargetDependency */ = {
			isa = PBXTargetDependency;
			target = BB5FF2FF21B2A89D0026FEE8 /* ShareExtension */;
			targetProxy = BB5FF30821B2A89E0026FEE8 /* PBXContainerItemProxy */;
		};
/* End PBXTargetDependency section */

/* Begin PBXVariantGroup section */
		BB5FF2EE21B2A8480026FEE8 /* Main.storyboard */ = {
			isa = PBXVariantGroup;
			children = (
				BB5FF2EF21B2A8480026FEE8 /* Base */,
			);
			name = Main.storyboard;
			sourceTree = "<group>";
		};
		BB5FF2F321B2A84B0026FEE8 /* LaunchScreen.storyboard */ = {
			isa = PBXVariantGroup;
			children = (
				BB5FF2F421B2A84B0026FEE8 /* Base */,
			);
			name = LaunchScreen.storyboard;
			sourceTree = "<group>";
		};
		BB5FF30421B2A89E0026FEE8 /* MainInterface.storyboard */ = {
			isa = PBXVariantGroup;
			children = (
				BB5FF30521B2A89E0026FEE8 /* Base */,
			);
			name = MainInterface.storyboard;
			sourceTree = "<group>";
		};
/* End PBXVariantGroup section */

/* Begin XCBuildConfiguration section */
		BB5FF2F721B2A84B0026FEE8 /* Debug */ = {
			isa = XCBuildConfiguration;
			buildSettings = {
				ALWAYS_SEARCH_USER_PATHS = NO;
				CLANG_ANALYZER_NONNULL = YES;
				CLANG_ANALYZER_NUMBER_OBJECT_CONVERSION = YES_AGGRESSIVE;
				CLANG_CXX_LANGUAGE_STANDARD = "gnu++14";
				CLANG_CXX_LIBRARY = "libc++";
				CLANG_ENABLE_MODULES = YES;
				CLANG_ENABLE_OBJC_ARC = YES;
				CLANG_ENABLE_OBJC_WEAK = YES;
				CLANG_WARN_BLOCK_CAPTURE_AUTORELEASING = YES;
				CLANG_WARN_BOOL_CONVERSION = YES;
				CLANG_WARN_COMMA = YES;
				CLANG_WARN_CONSTANT_CONVERSION = YES;
				CLANG_WARN_DEPRECATED_OBJC_IMPLEMENTATIONS = YES;
				CLANG_WARN_DIRECT_OBJC_ISA_USAGE = YES_ERROR;
				CLANG_WARN_DOCUMENTATION_COMMENTS = YES;
				CLANG_WARN_EMPTY_BODY = YES;
				CLANG_WARN_ENUM_CONVERSION = YES;
				CLANG_WARN_INFINITE_RECURSION = YES;
				CLANG_WARN_INT_CONVERSION = YES;
				CLANG_WARN_NON_LITERAL_NULL_CONVERSION = YES;
				CLANG_WARN_OBJC_IMPLICIT_RETAIN_SELF = YES;
				CLANG_WARN_OBJC_LITERAL_CONVERSION = YES;
				CLANG_WARN_OBJC_ROOT_CLASS = YES_ERROR;
				CLANG_WARN_RANGE_LOOP_ANALYSIS = YES;
				CLANG_WARN_STRICT_PROTOTYPES = YES;
				CLANG_WARN_SUSPICIOUS_MOVE = YES;
				CLANG_WARN_UNGUARDED_AVAILABILITY = YES_AGGRESSIVE;
				CLANG_WARN_UNREACHABLE_CODE = YES;
				CLANG_WARN__DUPLICATE_METHOD_MATCH = YES;
				CODE_SIGN_IDENTITY = "iPhone Developer";
				COPY_PHASE_STRIP = NO;
				DEBUG_INFORMATION_FORMAT = dwarf;
				ENABLE_STRICT_OBJC_MSGSEND = YES;
				ENABLE_TESTABILITY = YES;
				GCC_C_LANGUAGE_STANDARD = gnu11;
				GCC_DYNAMIC_NO_PIC = NO;
				GCC_NO_COMMON_BLOCKS = YES;
				GCC_OPTIMIZATION_LEVEL = 0;
				GCC_PREPROCESSOR_DEFINITIONS = (
					"DEBUG=1",
					"$(inherited)",
				);
				GCC_WARN_64_TO_32_BIT_CONVERSION = YES;
				GCC_WARN_ABOUT_RETURN_TYPE = YES_ERROR;
				GCC_WARN_UNDECLARED_SELECTOR = YES;
				GCC_WARN_UNINITIALIZED_AUTOS = YES_AGGRESSIVE;
				GCC_WARN_UNUSED_FUNCTION = YES;
				GCC_WARN_UNUSED_VARIABLE = YES;
				IPHONEOS_DEPLOYMENT_TARGET = 12.1;
				MTL_ENABLE_DEBUG_INFO = INCLUDE_SOURCE;
				MTL_FAST_MATH = YES;
				ONLY_ACTIVE_ARCH = YES;
				SDKROOT = iphoneos;
				SWIFT_ACTIVE_COMPILATION_CONDITIONS = DEBUG;
				SWIFT_OPTIMIZATION_LEVEL = "-Onone";
			};
			name = Debug;
		};
		BB5FF2F821B2A84B0026FEE8 /* Release */ = {
			isa = XCBuildConfiguration;
			buildSettings = {
				ALWAYS_SEARCH_USER_PATHS = NO;
				CLANG_ANALYZER_NONNULL = YES;
				CLANG_ANALYZER_NUMBER_OBJECT_CONVERSION = YES_AGGRESSIVE;
				CLANG_CXX_LANGUAGE_STANDARD = "gnu++14";
				CLANG_CXX_LIBRARY = "libc++";
				CLANG_ENABLE_MODULES = YES;
				CLANG_ENABLE_OBJC_ARC = YES;
				CLANG_ENABLE_OBJC_WEAK = YES;
				CLANG_WARN_BLOCK_CAPTURE_AUTORELEASING = YES;
				CLANG_WARN_BOOL_CONVERSION = YES;
				CLANG_WARN_COMMA = YES;
				CLANG_WARN_CONSTANT_CONVERSION = YES;
				CLANG_WARN_DEPRECATED_OBJC_IMPLEMENTATIONS = YES;
				CLANG_WARN_DIRECT_OBJC_ISA_USAGE = YES_ERROR;
				CLANG_WARN_DOCUMENTATION_COMMENTS = YES;
				CLANG_WARN_EMPTY_BODY = YES;
				CLANG_WARN_ENUM_CONVERSION = YES;
				CLANG_WARN_INFINITE_RECURSION = YES;
				CLANG_WARN_INT_CONVERSION = YES;
				CLANG_WARN_NON_LITERAL_NULL_CONVERSION = YES;
				CLANG_WARN_OBJC_IMPLICIT_RETAIN_SELF = YES;
				CLANG_WARN_OBJC_LITERAL_CONVERSION = YES;
				CLANG_WARN_OBJC_ROOT_CLASS = YES_ERROR;
				CLANG_WARN_RANGE_LOOP_ANALYSIS = YES;
				CLANG_WARN_STRICT_PROTOTYPES = YES;
				CLANG_WARN_SUSPICIOUS_MOVE = YES;
				CLANG_WARN_UNGUARDED_AVAILABILITY = YES_AGGRESSIVE;
				CLANG_WARN_UNREACHABLE_CODE = YES;
				CLANG_WARN__DUPLICATE_METHOD_MATCH = YES;
				CODE_SIGN_IDENTITY = "iPhone Developer";
				COPY_PHASE_STRIP = NO;
				DEBUG_INFORMATION_FORMAT = "dwarf-with-dsym";
				ENABLE_NS_ASSERTIONS = NO;
				ENABLE_STRICT_OBJC_MSGSEND = YES;
				GCC_C_LANGUAGE_STANDARD = gnu11;
				GCC_NO_COMMON_BLOCKS = YES;
				GCC_WARN_64_TO_32_BIT_CONVERSION = YES;
				GCC_WARN_ABOUT_RETURN_TYPE = YES_ERROR;
				GCC_WARN_UNDECLARED_SELECTOR = YES;
				GCC_WARN_UNINITIALIZED_AUTOS = YES_AGGRESSIVE;
				GCC_WARN_UNUSED_FUNCTION = YES;
				GCC_WARN_UNUSED_VARIABLE = YES;
				IPHONEOS_DEPLOYMENT_TARGET = 12.1;
				MTL_ENABLE_DEBUG_INFO = NO;
				MTL_FAST_MATH = YES;
				SDKROOT = iphoneos;
				SWIFT_COMPILATION_MODE = wholemodule;
				SWIFT_OPTIMIZATION_LEVEL = "-O";
				VALIDATE_PRODUCT = YES;
			};
			name = Release;
		};
		BB5FF2FA21B2A84B0026FEE8 /* Debug */ = {
			isa = XCBuildConfiguration;
			buildSettings = {
				ALWAYS_EMBED_SWIFT_STANDARD_LIBRARIES = YES;
				ASSETCATALOG_COMPILER_APPICON_NAME = AppIcon;
				CODE_SIGN_ENTITLEMENTS = RTFtoPDF/RTFtoPDF.entitlements;
				CODE_SIGN_STYLE = Automatic;
				DEVELOPMENT_TEAM = 7KCUT7B22Q;
				INFOPLIST_FILE = RTFtoPDF/Info.plist;
				LD_RUNPATH_SEARCH_PATHS = (
					"$(inherited)",
					"@executable_path/Frameworks",
				);
				PRODUCT_BUNDLE_IDENTIFIER = com.lukasvavrek.RTFtoPDF;
				PRODUCT_NAME = "$(TARGET_NAME)";
				SWIFT_VERSION = 4.2;
				TARGETED_DEVICE_FAMILY = "1,2";
			};
			name = Debug;
		};
		BB5FF2FB21B2A84B0026FEE8 /* Release */ = {
			isa = XCBuildConfiguration;
			buildSettings = {
				ALWAYS_EMBED_SWIFT_STANDARD_LIBRARIES = YES;
				ASSETCATALOG_COMPILER_APPICON_NAME = AppIcon;
				CODE_SIGN_ENTITLEMENTS = RTFtoPDF/RTFtoPDF.entitlements;
				CODE_SIGN_STYLE = Automatic;
				DEVELOPMENT_TEAM = 7KCUT7B22Q;
				INFOPLIST_FILE = RTFtoPDF/Info.plist;
				LD_RUNPATH_SEARCH_PATHS = (
					"$(inherited)",
					"@executable_path/Frameworks",
				);
				PRODUCT_BUNDLE_IDENTIFIER = com.lukasvavrek.RTFtoPDF;
				PRODUCT_NAME = "$(TARGET_NAME)";
				SWIFT_VERSION = 4.2;
				TARGETED_DEVICE_FAMILY = "1,2";
			};
			name = Release;
		};
		BB5FF30C21B2A89E0026FEE8 /* Debug */ = {
			isa = XCBuildConfiguration;
			buildSettings = {
				CODE_SIGN_ENTITLEMENTS = ShareExtension/ShareExtension.entitlements;
				CODE_SIGN_STYLE = Automatic;
				DEVELOPMENT_TEAM = 7KCUT7B22Q;
				INFOPLIST_FILE = ShareExtension/Info.plist;
				LD_RUNPATH_SEARCH_PATHS = (
					"$(inherited)",
					"@executable_path/Frameworks",
					"@executable_path/../../Frameworks",
				);
				PRODUCT_BUNDLE_IDENTIFIER = com.lukasvavrek.RTFtoPDF.ShareExtension;
				PRODUCT_NAME = "$(TARGET_NAME)";
				SKIP_INSTALL = YES;
				SWIFT_VERSION = 4.2;
				TARGETED_DEVICE_FAMILY = "1,2";
			};
			name = Debug;
		};
		BB5FF30D21B2A89E0026FEE8 /* Release */ = {
			isa = XCBuildConfiguration;
			buildSettings = {
				CODE_SIGN_ENTITLEMENTS = ShareExtension/ShareExtension.entitlements;
				CODE_SIGN_STYLE = Automatic;
				DEVELOPMENT_TEAM = 7KCUT7B22Q;
				INFOPLIST_FILE = ShareExtension/Info.plist;
				LD_RUNPATH_SEARCH_PATHS = (
					"$(inherited)",
					"@executable_path/Frameworks",
					"@executable_path/../../Frameworks",
				);
				PRODUCT_BUNDLE_IDENTIFIER = com.lukasvavrek.RTFtoPDF.ShareExtension;
				PRODUCT_NAME = "$(TARGET_NAME)";
				SKIP_INSTALL = YES;
				SWIFT_VERSION = 4.2;
				TARGETED_DEVICE_FAMILY = "1,2";
			};
			name = Release;
		};
/* End XCBuildConfiguration section */

/* Begin XCConfigurationList section */
		BB5FF2E221B2A8470026FEE8 /* Build configuration list for PBXProject "RTFtoPDF" */ = {
			isa = XCConfigurationList;
			buildConfigurations = (
				BB5FF2F721B2A84B0026FEE8 /* Debug */,
				BB5FF2F821B2A84B0026FEE8 /* Release */,
			);
			defaultConfigurationIsVisible = 0;
			defaultConfigurationName = Release;
		};
		BB5FF2F921B2A84B0026FEE8 /* Build configuration list for PBXNativeTarget "RTFtoPDF" */ = {
			isa = XCConfigurationList;
			buildConfigurations = (
				BB5FF2FA21B2A84B0026FEE8 /* Debug */,
				BB5FF2FB21B2A84B0026FEE8 /* Release */,
			);
			defaultConfigurationIsVisible = 0;
			defaultConfigurationName = Release;
		};
		BB5FF30B21B2A89E0026FEE8 /* Build configuration list for PBXNativeTarget "ShareExtension" */ = {
			isa = XCConfigurationList;
			buildConfigurations = (
				BB5FF30C21B2A89E0026FEE8 /* Debug */,
				BB5FF30D21B2A89E0026FEE8 /* Release */,
			);
			defaultConfigurationIsVisible = 0;
			defaultConfigurationName = Release;
		};
/* End XCConfigurationList section */
	};
	rootObject = BB5FF2DF21B2A8470026FEE8 /* Project object */;
}
